
Microsoft Visual Studio Solution File, Format Version 12.00
# Visual Studio Version 16
VisualStudioVersion = 16.0.32413.511
MinimumVisualStudioVersion = 10.0.40219.1
Project("{FAE04EC0-301F-11D3-BF4B-00C04F79EFBC}") = "Lab1", "Lab1\Lab1.csproj", "{7697775C-77A4-4B56-A7F0-C58C35D7CDDB}"
EndProject
Global
	GlobalSection(SolutionConfigurationPlatforms) = preSolution
		Debug|Any CPU = Debug|Any CPU
		Release|Any CPU = Release|Any CPU
	EndGlobalSection
	GlobalSection(ProjectConfigurationPlatforms) = postSolution
		{7697775C-77A4-4B56-A7F0-C58C35D7CDDB}.Debug|Any CPU.ActiveCfg = Debug|Any CPU
		{7697775C-77A4-4B56-A7F0-C58C35D7CDDB}.Debug|Any CPU.Build.0 = Debug|Any CPU
		{7697775C-77A4-4B56-A7F0-C58C35D7CDDB}.Release|Any CPU.ActiveCfg = Release|Any CPU
		{7697775C-77A4-4B56-A7F0-C58C35D7CDDB}.Release|Any CPU.Build.0 = Release|Any CPU
	EndGlobalSection
	GlobalSection(SolutionProperties) = preSolution
		HideSolutionNode = FALSE
	EndGlobalSection
	GlobalSection(ExtensibilityGlobals) = postSolution
		SolutionGuid = {BEAA3915-6524-4E35-BB4B-A1877A516D17}
	EndGlobalSection
EndGlobal
